
Microsoft Visual Studio Solution File, Format Version 12.00
# Visual Studio Version 17
VisualStudioVersion = 17.4.33213.308
MinimumVisualStudioVersion = 10.0.40219.1
Project("{FAE04EC0-301F-11D3-BF4B-00C04F79EFBC}") = "Facade_Pattern", "..\Facade_Pattern\Facade_Pattern.csproj", "{32AE7D3E-7158-4C48-87D4-569B7A1BF19C}"
EndProject
Global
	GlobalSection(SolutionConfigurationPlatforms) = preSolution
		Debug|Any CPU = Debug|Any CPU
		Release|Any CPU = Release|Any CPU
	EndGlobalSection
	GlobalSection(ProjectConfigurationPlatforms) = postSolution
		{32AE7D3E-7158-4C48-87D4-569B7A1BF19C}.Debug|Any CPU.ActiveCfg = Debug|Any CPU
		{32AE7D3E-7158-4C48-87D4-569B7A1BF19C}.Debug|Any CPU.Build.0 = Debug|Any CPU
		{32AE7D3E-7158-4C48-87D4-569B7A1BF19C}.Release|Any CPU.ActiveCfg = Release|Any CPU
		{32AE7D3E-7158-4C48-87D4-569B7A1BF19C}.Release|Any CPU.Build.0 = Release|Any CPU
	EndGlobalSection
	GlobalSection(SolutionProperties) = preSolution
		HideSolutionNode = FALSE
	EndGlobalSection
	GlobalSection(ExtensibilityGlobals) = postSolution
		SolutionGuid = {576ED3F9-497D-4D09-BF23-7A89FF9AF5AE}
	EndGlobalSection
EndGlobal
